
Microsoft Visual Studio Solution File, Format Version 12.00
# Visual Studio Version 16
VisualStudioVersion = 16.0.31025.194
MinimumVisualStudioVersion = 10.0.40219.1
Project("{FAE04EC0-301F-11D3-BF4B-00C04F79EFBC}") = "Kaos", "Kaos\Kaos.csproj", "{1220884A-366B-4FB6-B806-DBC4E4D6244A}"
EndProject
Global
	GlobalSection(SolutionConfigurationPlatforms) = preSolution
		Debug|Any CPU = Debug|Any CPU
		Release|Any CPU = Release|Any CPU
	EndGlobalSection
	GlobalSection(ProjectConfigurationPlatforms) = postSolution
		{1220884A-366B-4FB6-B806-DBC4E4D6244A}.Debug|Any CPU.ActiveCfg = Debug|Any CPU
		{1220884A-366B-4FB6-B806-DBC4E4D6244A}.Debug|Any CPU.Build.0 = Debug|Any CPU
		{1220884A-366B-4FB6-B806-DBC4E4D6244A}.Release|Any CPU.ActiveCfg = Release|Any CPU
		{1220884A-366B-4FB6-B806-DBC4E4D6244A}.Release|Any CPU.Build.0 = Release|Any CPU
	EndGlobalSection
	GlobalSection(SolutionProperties) = preSolution
		HideSolutionNode = FALSE
	EndGlobalSection
	GlobalSection(ExtensibilityGlobals) = postSolution
		SolutionGuid = {8A61D4DA-C342-4814-8669-C927B46A43A8}
	EndGlobalSection
EndGlobal
